
Microsoft Visual Studio Solution File, Format Version 12.00
# Visual Studio Version 16
VisualStudioVersion = 16.0.28803.452
MinimumVisualStudioVersion = 10.0.40219.1
Project("{FAE04EC0-301F-11D3-BF4B-00C04F79EFBC}") = "OBSync", "OBSync\OBSync.csproj", "{AAC1BC91-E5B7-4E9B-90D6-0C63BD2554B5}"
EndProject
Global
	GlobalSection(SolutionConfigurationPlatforms) = preSolution
		Debug|Any CPU = Debug|Any CPU
		Release|Any CPU = Release|Any CPU
	EndGlobalSection
	GlobalSection(ProjectConfigurationPlatforms) = postSolution
		{AAC1BC91-E5B7-4E9B-90D6-0C63BD2554B5}.Debug|Any CPU.ActiveCfg = Debug|Any CPU
		{AAC1BC91-E5B7-4E9B-90D6-0C63BD2554B5}.Debug|Any CPU.Build.0 = Debug|Any CPU
		{AAC1BC91-E5B7-4E9B-90D6-0C63BD2554B5}.Release|Any CPU.ActiveCfg = Release|Any CPU
		{AAC1BC91-E5B7-4E9B-90D6-0C63BD2554B5}.Release|Any CPU.Build.0 = Release|Any CPU
	EndGlobalSection
	GlobalSection(SolutionProperties) = preSolution
		HideSolutionNode = FALSE
	EndGlobalSection
	GlobalSection(ExtensibilityGlobals) = postSolution
		SolutionGuid = {BDA9DF84-907E-4278-8597-68725E21F56F}
	EndGlobalSection
EndGlobal
